
Microsoft Visual Studio Solution File, Format Version 12.00
# Visual Studio Version 17
VisualStudioVersion = 17.0.31903.59
MinimumVisualStudioVersion = 10.0.40219.1
Project("{FAE04EC0-301F-11D3-BF4B-00C04F79EFBC}") = "BSConnect-Backend", "BSConnect-Backend\BSConnect-Backend.csproj", "{54EC6E81-B152-4032-B325-C649BEDECF52}"
EndProject
Project("{FAE04EC0-301F-11D3-BF4B-00C04F79EFBC}") = "BSConnect-Protos", "BSConnect-Protos\BSConnect-Protos.csproj", "{69207124-C1AC-4715-A71A-55499D03DF2A}"
EndProject
Project("{2150E333-8FDC-42A3-9474-1A3956D46DE8}") = "BSConnect-Backend", "BSConnect-Backend", "{1CD1728E-8CBA-C90E-7DC4-E321C8FB49D0}"
EndProject
Project("{FAE04EC0-301F-11D3-BF4B-00C04F79EFBC}") = "BSConnect.Hubs", "BSConnect-Backend\BSConnect.Hubs\BSConnect.Hubs.csproj", "{C6D76779-1C14-478A-A67A-029CCAC0B734}"
EndProject
Project("{FAE04EC0-301F-11D3-BF4B-00C04F79EFBC}") = "BSConnect.Routes", "BSConnect-Backend\BSConnect.Routes\BSConnect.Routes.csproj", "{DC4EEA16-A4EE-4E02-8011-3E705115D76B}"
EndProject
Project("{FAE04EC0-301F-11D3-BF4B-00C04F79EFBC}") = "BSConnect.Services", "BSConnect-Backend\BSConnect.Services\BSConnect.Services.csproj", "{04CE3F59-17D6-4D74-A4DD-DE5D66B6E6BF}"
EndProject
Project("{FAE04EC0-301F-11D3-BF4B-00C04F79EFBC}") = "BSConnect.Data", "BSConnect-Backend\BSConnect.Data\BSConnect.Data.csproj", "{4646ECCD-D4D3-4041-89E2-FD5FAB5E35FC}"
EndProject
Project("{FAE04EC0-301F-11D3-BF4B-00C04F79EFBC}") = "BSConnect.Auth", "BSConnect-Backend\BSConnect.Auth\BSConnect.Auth.csproj", "{84EA2239-749E-455E-A6C4-BFFAE32F58AF}"
EndProject
Global
	GlobalSection(SolutionConfigurationPlatforms) = preSolution
		Debug|Any CPU = Debug|Any CPU
		Debug|x64 = Debug|x64
		Debug|x86 = Debug|x86
		Release|Any CPU = Release|Any CPU
		Release|x64 = Release|x64
		Release|x86 = Release|x86
	EndGlobalSection
	GlobalSection(ProjectConfigurationPlatforms) = postSolution
		{54EC6E81-B152-4032-B325-C649BEDECF52}.Debug|Any CPU.ActiveCfg = Debug|Any CPU
		{54EC6E81-B152-4032-B325-C649BEDECF52}.Debug|Any CPU.Build.0 = Debug|Any CPU
		{54EC6E81-B152-4032-B325-C649BEDECF52}.Debug|x64.ActiveCfg = Debug|Any CPU
		{54EC6E81-B152-4032-B325-C649BEDECF52}.Debug|x64.Build.0 = Debug|Any CPU
		{54EC6E81-B152-4032-B325-C649BEDECF52}.Debug|x86.ActiveCfg = Debug|Any CPU
		{54EC6E81-B152-4032-B325-C649BEDECF52}.Debug|x86.Build.0 = Debug|Any CPU
		{54EC6E81-B152-4032-B325-C649BEDECF52}.Release|Any CPU.ActiveCfg = Release|Any CPU
		{54EC6E81-B152-4032-B325-C649BEDECF52}.Release|Any CPU.Build.0 = Release|Any CPU
		{54EC6E81-B152-4032-B325-C649BEDECF52}.Release|x64.ActiveCfg = Release|Any CPU
		{54EC6E81-B152-4032-B325-C649BEDECF52}.Release|x64.Build.0 = Release|Any CPU
		{54EC6E81-B152-4032-B325-C649BEDECF52}.Release|x86.ActiveCfg = Release|Any CPU
		{54EC6E81-B152-4032-B325-C649BEDECF52}.Release|x86.Build.0 = Release|Any CPU
		{69207124-C1AC-4715-A71A-55499D03DF2A}.Debug|Any CPU.ActiveCfg = Debug|Any CPU
		{69207124-C1AC-4715-A71A-55499D03DF2A}.Debug|Any CPU.Build.0 = Debug|Any CPU
		{69207124-C1AC-4715-A71A-55499D03DF2A}.Debug|x64.ActiveCfg = Debug|Any CPU
		{69207124-C1AC-4715-A71A-55499D03DF2A}.Debug|x64.Build.0 = Debug|Any CPU
		{69207124-C1AC-4715-A71A-55499D03DF2A}.Debug|x86.ActiveCfg = Debug|Any CPU
		{69207124-C1AC-4715-A71A-55499D03DF2A}.Debug|x86.Build.0 = Debug|Any CPU
		{69207124-C1AC-4715-A71A-55499D03DF2A}.Release|Any CPU.ActiveCfg = Release|Any CPU
		{69207124-C1AC-4715-A71A-55499D03DF2A}.Release|Any CPU.Build.0 = Release|Any CPU
		{69207124-C1AC-4715-A71A-55499D03DF2A}.Release|x64.ActiveCfg = Release|Any CPU
		{69207124-C1AC-4715-A71A-55499D03DF2A}.Release|x64.Build.0 = Release|Any CPU
		{69207124-C1AC-4715-A71A-55499D03DF2A}.Release|x86.ActiveCfg = Release|Any CPU
		{69207124-C1AC-4715-A71A-55499D03DF2A}.Release|x86.Build.0 = Release|Any CPU
		{C6D76779-1C14-478A-A67A-029CCAC0B734}.Debug|Any CPU.ActiveCfg = Debug|Any CPU
		{C6D76779-1C14-478A-A67A-029CCAC0B734}.Debug|Any CPU.Build.0 = Debug|Any CPU
		{C6D76779-1C14-478A-A67A-029CCAC0B734}.Debug|x64.ActiveCfg = Debug|Any CPU
		{C6D76779-1C14-478A-A67A-029CCAC0B734}.Debug|x64.Build.0 = Debug|Any CPU
		{C6D76779-1C14-478A-A67A-029CCAC0B734}.Debug|x86.ActiveCfg = Debug|Any CPU
		{C6D76779-1C14-478A-A67A-029CCAC0B734}.Debug|x86.Build.0 = Debug|Any CPU
		{C6D76779-1C14-478A-A67A-029CCAC0B734}.Release|Any CPU.ActiveCfg = Release|Any CPU
		{C6D76779-1C14-478A-A67A-029CCAC0B734}.Release|Any CPU.Build.0 = Release|Any CPU
		{C6D76779-1C14-478A-A67A-029CCAC0B734}.Release|x64.ActiveCfg = Release|Any CPU
		{C6D76779-1C14-478A-A67A-029CCAC0B734}.Release|x64.Build.0 = Release|Any CPU
		{C6D76779-1C14-478A-A67A-029CCAC0B734}.Release|x86.ActiveCfg = Release|Any CPU
		{C6D76779-1C14-478A-A67A-029CCAC0B734}.Release|x86.Build.0 = Release|Any CPU
		{DC4EEA16-A4EE-4E02-8011-3E705115D76B}.Debug|Any CPU.ActiveCfg = Debug|Any CPU
		{DC4EEA16-A4EE-4E02-8011-3E705115D76B}.Debug|Any CPU.Build.0 = Debug|Any CPU
		{DC4EEA16-A4EE-4E02-8011-3E705115D76B}.Debug|x64.ActiveCfg = Debug|Any CPU
		{DC4EEA16-A4EE-4E02-8011-3E705115D76B}.Debug|x64.Build.0 = Debug|Any CPU
		{DC4EEA16-A4EE-4E02-8011-3E705115D76B}.Debug|x86.ActiveCfg = Debug|Any CPU
		{DC4EEA16-A4EE-4E02-8011-3E705115D76B}.Debug|x86.Build.0 = Debug|Any CPU
		{DC4EEA16-A4EE-4E02-8011-3E705115D76B}.Release|Any CPU.ActiveCfg = Release|Any CPU
		{DC4EEA16-A4EE-4E02-8011-3E705115D76B}.Release|Any CPU.Build.0 = Release|Any CPU
		{DC4EEA16-A4EE-4E02-8011-3E705115D76B}.Release|x64.ActiveCfg = Release|Any CPU
		{DC4EEA16-A4EE-4E02-8011-3E705115D76B}.Release|x64.Build.0 = Release|Any CPU
		{DC4EEA16-A4EE-4E02-8011-3E705115D76B}.Release|x86.ActiveCfg = Release|Any CPU
		{DC4EEA16-A4EE-4E02-8011-3E705115D76B}.Release|x86.Build.0 = Release|Any CPU
		{04CE3F59-17D6-4D74-A4DD-DE5D66B6E6BF}.Debug|Any CPU.ActiveCfg = Debug|Any CPU
		{04CE3F59-17D6-4D74-A4DD-DE5D66B6E6BF}.Debug|Any CPU.Build.0 = Debug|Any CPU
		{04CE3F59-17D6-4D74-A4DD-DE5D66B6E6BF}.Debug|x64.ActiveCfg = Debug|Any CPU
		{04CE3F59-17D6-4D74-A4DD-DE5D66B6E6BF}.Debug|x64.Build.0 = Debug|Any CPU
		{04CE3F59-17D6-4D74-A4DD-DE5D66B6E6BF}.Debug|x86.ActiveCfg = Debug|Any CPU
		{04CE3F59-17D6-4D74-A4DD-DE5D66B6E6BF}.Debug|x86.Build.0 = Debug|Any CPU
		{04CE3F59-17D6-4D74-A4DD-DE5D66B6E6BF}.Release|Any CPU.ActiveCfg = Release|Any CPU
		{04CE3F59-17D6-4D74-A4DD-DE5D66B6E6BF}.Release|Any CPU.Build.0 = Release|Any CPU
		{04CE3F59-17D6-4D74-A4DD-DE5D66B6E6BF}.Release|x64.ActiveCfg = Release|Any CPU
		{04CE3F59-17D6-4D74-A4DD-DE5D66B6E6BF}.Release|x64.Build.0 = Release|Any CPU
		{04CE3F59-17D6-4D74-A4DD-DE5D66B6E6BF}.Release|x86.ActiveCfg = Release|Any CPU
		{04CE3F59-17D6-4D74-A4DD-DE5D66B6E6BF}.Release|x86.Build.0 = Release|Any CPU
		{4646ECCD-D4D3-4041-89E2-FD5FAB5E35FC}.Debug|Any CPU.ActiveCfg = Debug|Any CPU
		{4646ECCD-D4D3-4041-89E2-FD5FAB5E35FC}.Debug|Any CPU.Build.0 = Debug|Any CPU
		{4646ECCD-D4D3-4041-89E2-FD5FAB5E35FC}.Debug|x64.ActiveCfg = Debug|Any CPU
		{4646ECCD-D4D3-4041-89E2-FD5FAB5E35FC}.Debug|x64.Build.0 = Debug|Any CPU
		{4646ECCD-D4D3-4041-89E2-FD5FAB5E35FC}.Debug|x86.ActiveCfg = Debug|Any CPU
		{4646ECCD-D4D3-4041-89E2-FD5FAB5E35FC}.Debug|x86.Build.0 = Debug|Any CPU
		{4646ECCD-D4D3-4041-89E2-FD5FAB5E35FC}.Release|Any CPU.ActiveCfg = Release|Any CPU
		{4646ECCD-D4D3-4041-89E2-FD5FAB5E35FC}.Release|Any CPU.Build.0 = Release|Any CPU
		{4646ECCD-D4D3-4041-89E2-FD5FAB5E35FC}.Release|x64.ActiveCfg = Release|Any CPU
		{4646ECCD-D4D3-4041-89E2-FD5FAB5E35FC}.Release|x64.Build.0 = Release|Any CPU
		{4646ECCD-D4D3-4041-89E2-FD5FAB5E35FC}.Release|x86.ActiveCfg = Release|Any CPU
		{4646ECCD-D4D3-4041-89E2-FD5FAB5E35FC}.Release|x86.Build.0 = Release|Any CPU
		{84EA2239-749E-455E-A6C4-BFFAE32F58AF}.Debug|Any CPU.ActiveCfg = Debug|Any CPU
		{84EA2239-749E-455E-A6C4-BFFAE32F58AF}.Debug|Any CPU.Build.0 = Debug|Any CPU
		{84EA2239-749E-455E-A6C4-BFFAE32F58AF}.Debug|x64.ActiveCfg = Debug|Any CPU
		{84EA2239-749E-455E-A6C4-BFFAE32F58AF}.Debug|x64.Build.0 = Debug|Any CPU
		{84EA2239-749E-455E-A6C4-BFFAE32F58AF}.Debug|x86.ActiveCfg = Debug|Any CPU
		{84EA2239-749E-455E-A6C4-BFFAE32F58AF}.Debug|x86.Build.0 = Debug|Any CPU
		{84EA2239-749E-455E-A6C4-BFFAE32F58AF}.Release|Any CPU.ActiveCfg = Release|Any CPU
		{84EA2239-749E-455E-A6C4-BFFAE32F58AF}.Release|Any CPU.Build.0 = Release|Any CPU
		{84EA2239-749E-455E-A6C4-BFFAE32F58AF}.Release|x64.ActiveCfg = Release|Any CPU
		{84EA2239-749E-455E-A6C4-BFFAE32F58AF}.Release|x64.Build.0 = Release|Any CPU
		{84EA2239-749E-455E-A6C4-BFFAE32F58AF}.Release|x86.ActiveCfg = Release|Any CPU
		{84EA2239-749E-455E-A6C4-BFFAE32F58AF}.Release|x86.Build.0 = Release|Any CPU
	EndGlobalSection
	GlobalSection(SolutionProperties) = preSolution
		HideSolutionNode = FALSE
	EndGlobalSection
	GlobalSection(NestedProjects) = preSolution
		{C6D76779-1C14-478A-A67A-029CCAC0B734} = {1CD1728E-8CBA-C90E-7DC4-E321C8FB49D0}
		{DC4EEA16-A4EE-4E02-8011-3E705115D76B} = {1CD1728E-8CBA-C90E-7DC4-E321C8FB49D0}
		{04CE3F59-17D6-4D74-A4DD-DE5D66B6E6BF} = {1CD1728E-8CBA-C90E-7DC4-E321C8FB49D0}
		{4646ECCD-D4D3-4041-89E2-FD5FAB5E35FC} = {1CD1728E-8CBA-C90E-7DC4-E321C8FB49D0}
		{84EA2239-749E-455E-A6C4-BFFAE32F58AF} = {1CD1728E-8CBA-C90E-7DC4-E321C8FB49D0}
	EndGlobalSection
EndGlobal
